
Microsoft Visual Studio Solution File, Format Version 12.00
# Visual Studio Version 17
VisualStudioVersion = 17.1.32319.34
MinimumVisualStudioVersion = 10.0.40219.1
Project("{FAE04EC0-301F-11D3-BF4B-00C04F79EFBC}") = "Serialization", "Serialization\Serialization.csproj", "{FA47DE9D-3A8B-4120-8CB6-1206D340910C}"
EndProject
Global
	GlobalSection(SolutionConfigurationPlatforms) = preSolution
		Debug|Any CPU = Debug|Any CPU
		Release|Any CPU = Release|Any CPU
	EndGlobalSection
	GlobalSection(ProjectConfigurationPlatforms) = postSolution
		{FA47DE9D-3A8B-4120-8CB6-1206D340910C}.Debug|Any CPU.ActiveCfg = Debug|Any CPU
		{FA47DE9D-3A8B-4120-8CB6-1206D340910C}.Debug|Any CPU.Build.0 = Debug|Any CPU
		{FA47DE9D-3A8B-4120-8CB6-1206D340910C}.Release|Any CPU.ActiveCfg = Release|Any CPU
		{FA47DE9D-3A8B-4120-8CB6-1206D340910C}.Release|Any CPU.Build.0 = Release|Any CPU
	EndGlobalSection
	GlobalSection(SolutionProperties) = preSolution
		HideSolutionNode = FALSE
	EndGlobalSection
	GlobalSection(ExtensibilityGlobals) = postSolution
		SolutionGuid = {4CEC4B35-18FB-43AD-99BF-78E64F272EF7}
	EndGlobalSection
EndGlobal
